
Microsoft Visual Studio Solution File, Format Version 12.00
# Visual Studio Version 17
VisualStudioVersion = 17.13.35931.197
MinimumVisualStudioVersion = 10.0.40219.1
Project("{FAE04EC0-301F-11D3-BF4B-00C04F79EFBC}") = "AdminDashboardApi", "AdminDashboardApi\AdminDashboardApi.csproj", "{F5ADB312-A528-4193-AB21-A0D9A15E191A}"
EndProject
Project("{FAE04EC0-301F-11D3-BF4B-00C04F79EFBC}") = "AdminDashboardApi.Test", "AdminDashboardApi.Test\AdminDashboardApi.Test.csproj", "{9FAA0B01-1EB6-49C8-8C9D-56D01DE5B51F}"
EndProject
Global
	GlobalSection(SolutionConfigurationPlatforms) = preSolution
		Debug|Any CPU = Debug|Any CPU
		Release|Any CPU = Release|Any CPU
	EndGlobalSection
	GlobalSection(ProjectConfigurationPlatforms) = postSolution
		{F5ADB312-A528-4193-AB21-A0D9A15E191A}.Debug|Any CPU.ActiveCfg = Debug|Any CPU
		{F5ADB312-A528-4193-AB21-A0D9A15E191A}.Debug|Any CPU.Build.0 = Debug|Any CPU
		{F5ADB312-A528-4193-AB21-A0D9A15E191A}.Release|Any CPU.ActiveCfg = Release|Any CPU
		{F5ADB312-A528-4193-AB21-A0D9A15E191A}.Release|Any CPU.Build.0 = Release|Any CPU
		{9FAA0B01-1EB6-49C8-8C9D-56D01DE5B51F}.Debug|Any CPU.ActiveCfg = Debug|Any CPU
		{9FAA0B01-1EB6-49C8-8C9D-56D01DE5B51F}.Debug|Any CPU.Build.0 = Debug|Any CPU
		{9FAA0B01-1EB6-49C8-8C9D-56D01DE5B51F}.Release|Any CPU.ActiveCfg = Release|Any CPU
		{9FAA0B01-1EB6-49C8-8C9D-56D01DE5B51F}.Release|Any CPU.Build.0 = Release|Any CPU
	EndGlobalSection
	GlobalSection(SolutionProperties) = preSolution
		HideSolutionNode = FALSE
	EndGlobalSection
	GlobalSection(ExtensibilityGlobals) = postSolution
		SolutionGuid = {8B0516BC-378A-492A-BA85-D17D5871403E}
	EndGlobalSection
EndGlobal
